
Microsoft Visual Studio Solution File, Format Version 12.00
# Visual Studio 2013
VisualStudioVersion = 12.0.21005.1
MinimumVisualStudioVersion = 10.0.40219.1
Project("{FAE04EC0-301F-11D3-BF4B-00C04F79EFBC}") = "FizzBuzzWebApplication", "FizzBuzzWebApplication\FizzBuzzWebApplication.csproj", "{F2102885-7460-4E92-82D5-4FEE33DFC1E6}"
EndProject
Project("{FAE04EC0-301F-11D3-BF4B-00C04F79EFBC}") = "FizzBuzzWebApplication.Tests", "FizzBuzzWebApplication.Tests\FizzBuzzWebApplication.Tests.csproj", "{8339B706-98B3-447A-84A1-8F040D3AB191}"
EndProject
Project("{FAE04EC0-301F-11D3-BF4B-00C04F79EFBC}") = "Common", "Common\Common.csproj", "{07C16522-592B-4C21-8B37-774AF0C3BC57}"
EndProject
Global
	GlobalSection(SolutionConfigurationPlatforms) = preSolution
		Debug|Any CPU = Debug|Any CPU
		Release|Any CPU = Release|Any CPU
	EndGlobalSection
	GlobalSection(ProjectConfigurationPlatforms) = postSolution
		{F2102885-7460-4E92-82D5-4FEE33DFC1E6}.Debug|Any CPU.ActiveCfg = Debug|Any CPU
		{F2102885-7460-4E92-82D5-4FEE33DFC1E6}.Debug|Any CPU.Build.0 = Debug|Any CPU
		{F2102885-7460-4E92-82D5-4FEE33DFC1E6}.Release|Any CPU.ActiveCfg = Release|Any CPU
		{F2102885-7460-4E92-82D5-4FEE33DFC1E6}.Release|Any CPU.Build.0 = Release|Any CPU
		{8339B706-98B3-447A-84A1-8F040D3AB191}.Debug|Any CPU.ActiveCfg = Debug|Any CPU
		{8339B706-98B3-447A-84A1-8F040D3AB191}.Debug|Any CPU.Build.0 = Debug|Any CPU
		{8339B706-98B3-447A-84A1-8F040D3AB191}.Release|Any CPU.ActiveCfg = Release|Any CPU
		{8339B706-98B3-447A-84A1-8F040D3AB191}.Release|Any CPU.Build.0 = Release|Any CPU
		{07C16522-592B-4C21-8B37-774AF0C3BC57}.Debug|Any CPU.ActiveCfg = Debug|Any CPU
		{07C16522-592B-4C21-8B37-774AF0C3BC57}.Debug|Any CPU.Build.0 = Debug|Any CPU
		{07C16522-592B-4C21-8B37-774AF0C3BC57}.Release|Any CPU.ActiveCfg = Release|Any CPU
		{07C16522-592B-4C21-8B37-774AF0C3BC57}.Release|Any CPU.Build.0 = Release|Any CPU
	EndGlobalSection
	GlobalSection(SolutionProperties) = preSolution
		HideSolutionNode = FALSE
	EndGlobalSection
EndGlobal
